
Microsoft Visual Studio Solution File, Format Version 12.00
# Visual Studio 15
VisualStudioVersion = 15.0.26430.12
MinimumVisualStudioVersion = 10.0.40219.1
Project("{9A19103F-16F7-4668-BE54-9A1E7A4F7556}") = "Cochran.ParameterizedTests", "src\Cochran.ParameterizedTests\Cochran.ParameterizedTests.csproj", "{C3B142F7-F509-48AD-9896-A2CED1803958}"
EndProject
Project("{9A19103F-16F7-4668-BE54-9A1E7A4F7556}") = "UnitTestProject1", "src\UnitTestProject1\UnitTestProject1.csproj", "{EB844478-9085-44D0-A64F-E0E9B5893DE4}"
EndProject
Global
	GlobalSection(SolutionConfigurationPlatforms) = preSolution
		Debug|Any CPU = Debug|Any CPU
		Release|Any CPU = Release|Any CPU
	EndGlobalSection
	GlobalSection(ProjectConfigurationPlatforms) = postSolution
		{C3B142F7-F509-48AD-9896-A2CED1803958}.Debug|Any CPU.ActiveCfg = Debug|Any CPU
		{C3B142F7-F509-48AD-9896-A2CED1803958}.Debug|Any CPU.Build.0 = Debug|Any CPU
		{C3B142F7-F509-48AD-9896-A2CED1803958}.Release|Any CPU.ActiveCfg = Release|Any CPU
		{C3B142F7-F509-48AD-9896-A2CED1803958}.Release|Any CPU.Build.0 = Release|Any CPU
		{EB844478-9085-44D0-A64F-E0E9B5893DE4}.Debug|Any CPU.ActiveCfg = Debug|Any CPU
		{EB844478-9085-44D0-A64F-E0E9B5893DE4}.Debug|Any CPU.Build.0 = Debug|Any CPU
		{EB844478-9085-44D0-A64F-E0E9B5893DE4}.Release|Any CPU.ActiveCfg = Release|Any CPU
		{EB844478-9085-44D0-A64F-E0E9B5893DE4}.Release|Any CPU.Build.0 = Release|Any CPU
	EndGlobalSection
	GlobalSection(SolutionProperties) = preSolution
		HideSolutionNode = FALSE
	EndGlobalSection
EndGlobal
